// !$*UTF8*$!
{
	archiveVersion = 1;
	classes = {
	};
	objectVersion = 50;
	objects = {

/* Begin PBXBuildFile section */
		4D1DB47F21B12CDD00127600 /* AppDelegate.m in Sources */ = {isa = PBXBuildFile; fileRef = 4D1DB47E21B12CDD00127600 /* AppDelegate.m */; };
		4D1DB48221B12CDD00127600 /* ViewController.m in Sources */ = {isa = PBXBuildFile; fileRef = 4D1DB48121B12CDD00127600 /* ViewController.m */; };
		4D1DB48521B12CDD00127600 /* Main.storyboard in Resources */ = {isa = PBXBuildFile; fileRef = 4D1DB48321B12CDD00127600 /* Main.storyboard */; };
		4D1DB48721B12CDF00127600 /* Assets.xcassets in Resources */ = {isa = PBXBuildFile; fileRef = 4D1DB48621B12CDF00127600 /* Assets.xcassets */; };
		4D1DB48A21B12CDF00127600 /* LaunchScreen.storyboard in Resources */ = {isa = PBXBuildFile; fileRef = 4D1DB48821B12CDF00127600 /* LaunchScreen.storyboard */; };
		4D1DB48D21B12CDF00127600 /* main.m in Sources */ = {isa = PBXBuildFile; fileRef = 4D1DB48C21B12CDF00127600 /* main.m */; };
		A2315897EC25FF88E3622F67 /* libPods-YQImageBrowser.a in Frameworks */ = {isa = PBXBuildFile; fileRef = 2DAD7B061F3D066F7E49CD2F /* libPods-YQImageBrowser.a */; };
/* End PBXBuildFile section */

/* Begin PBXFileReference section */
		1EDFDE792D819F3812F19DE6 /* Pods-YQImageBrowser.debug.xcconfig */ = {isa = PBXFileReference; includeInIndex = 1; lastKnownFileType = text.xcconfig; name = "Pods-YQImageBrowser.debug.xcconfig"; path = "Pods/Target Support Files/Pods-YQImageBrowser/Pods-YQImageBrowser.debug.xcconfig"; sourceTree = "<group>"; };
		2DAD7B061F3D066F7E49CD2F /* libPods-YQImageBrowser.a */ = {isa = PBXFileReference; explicitFileType = archive.ar; includeInIndex = 0; path = "libPods-YQImageBrowser.a"; sourceTree = BUILT_PRODUCTS_DIR; };
		4D1DB47A21B12CDD00127600 /* YQImageBrowser.app */ = {isa = PBXFileReference; explicitFileType = wrapper.application; includeInIndex = 0; path = YQImageBrowser.app; sourceTree = BUILT_PRODUCTS_DIR; };
		4D1DB47D21B12CDD00127600 /* AppDelegate.h */ = {isa = PBXFileReference; lastKnownFileType = sourcecode.c.h; path = AppDelegate.h; sourceTree = "<group>"; };
		4D1DB47E21B12CDD00127600 /* AppDelegate.m */ = {isa = PBXFileReference; lastKnownFileType = sourcecode.c.objc; path = AppDelegate.m; sourceTree = "<group>"; };
		4D1DB48021B12CDD00127600 /* ViewController.h */ = {isa = PBXFileReference; lastKnownFileType = sourcecode.c.h; path = ViewController.h; sourceTree = "<group>"; };
		4D1DB48121B12CDD00127600 /* ViewController.m */ = {isa = PBXFileReference; lastKnownFileType = sourcecode.c.objc; path = ViewController.m; sourceTree = "<group>"; };
		4D1DB48421B12CDD00127600 /* Base */ = {isa = PBXFileReference; lastKnownFileType = file.storyboard; name = Base; path = Base.lproj/Main.storyboard; sourceTree = "<group>"; };
		4D1DB48621B12CDF00127600 /* Assets.xcassets */ = {isa = PBXFileReference; lastKnownFileType = folder.assetcatalog; path = Assets.xcassets; sourceTree = "<group>"; };
		4D1DB48921B12CDF00127600 /* Base */ = {isa = PBXFileReference; lastKnownFileType = file.storyboard; name = Base; path = Base.lproj/LaunchScreen.storyboard; sourceTree = "<group>"; };
		4D1DB48B21B12CDF00127600 /* Info.plist */ = {isa = PBXFileReference; lastKnownFileType = text.plist.xml; path = Info.plist; sourceTree = "<group>"; };
		4D1DB48C21B12CDF00127600 /* main.m */ = {isa = PBXFileReference; lastKnownFileType = sourcecode.c.objc; path = main.m; sourceTree = "<group>"; };
		A17D6B3533157B6E9B3C78E5 /* Pods-YQImageBrowser.release.xcconfig */ = {isa = PBXFileReference; includeInIndex = 1; lastKnownFileType = text.xcconfig; name = "Pods-YQImageBrowser.release.xcconfig"; path = "Pods/Target Support Files/Pods-YQImageBrowser/Pods-YQImageBrowser.release.xcconfig"; sourceTree = "<group>"; };
/* End PBXFileReference section */

/* Begin PBXFrameworksBuildPhase section */
		4D1DB47721B12CDD00127600 /* Frameworks */ = {
			isa = PBXFrameworksBuildPhase;
			buildActionMask = 2147483647;
			files = (
				A2315897EC25FF88E3622F67 /* libPods-YQImageBrowser.a in Frameworks */,
			);
			runOnlyForDeploymentPostprocessing = 0;
		};
/* End PBXFrameworksBuildPhase section */

/* Begin PBXGroup section */
		2C279F663AE3C34D1EAAB457 /* Pods */ = {
			isa = PBXGroup;
			children = (
				1EDFDE792D819F3812F19DE6 /* Pods-YQImageBrowser.debug.xcconfig */,
				A17D6B3533157B6E9B3C78E5 /* Pods-YQImageBrowser.release.xcconfig */,
			);
			name = Pods;
			sourceTree = "<group>";
		};
		4D1DB47121B12CDD00127600 = {
			isa = PBXGroup;
			children = (
				4D1DB47C21B12CDD00127600 /* YQImageBrowser */,
				4D1DB47B21B12CDD00127600 /* Products */,
				2C279F663AE3C34D1EAAB457 /* Pods */,
				CC8527DBC6A26DDF1467C32A /* Frameworks */,
			);
			sourceTree = "<group>";
		};
		4D1DB47B21B12CDD00127600 /* Products */ = {
			isa = PBXGroup;
			children = (
				4D1DB47A21B12CDD00127600 /* YQImageBrowser.app */,
			);
			name = Products;
			sourceTree = "<group>";
		};
		4D1DB47C21B12CDD00127600 /* YQImageBrowser */ = {
			isa = PBXGroup;
			children = (
				4D1DB47D21B12CDD00127600 /* AppDelegate.h */,
				4D1DB47E21B12CDD00127600 /* AppDelegate.m */,
				4D1DB48021B12CDD00127600 /* ViewController.h */,
				4D1DB48121B12CDD00127600 /* ViewController.m */,
				4D1DB48321B12CDD00127600 /* Main.storyboard */,
				4D1DB48621B12CDF00127600 /* Assets.xcassets */,
				4D1DB48821B12CDF00127600 /* LaunchScreen.storyboard */,
				4D1DB48B21B12CDF00127600 /* Info.plist */,
				4D1DB48C21B12CDF00127600 /* main.m */,
			);
			path = YQImageBrowser;
			sourceTree = "<group>";
		};
		CC8527DBC6A26DDF1467C32A /* Frameworks */ = {
			isa = PBXGroup;
			children = (
				2DAD7B061F3D066F7E49CD2F /* libPods-YQImageBrowser.a */,
			);
			name = Frameworks;
			sourceTree = "<group>";
		};
/* End PBXGroup section */

/* Begin PBXNativeTarget section */
		4D1DB47921B12CDD00127600 /* YQImageBrowser */ = {
			isa = PBXNativeTarget;
			buildConfigurationList = 4D1DB49021B12CDF00127600 /* Build configuration list for PBXNativeTarget "YQImageBrowser" */;
			buildPhases = (
				2C62399F34E04D49FFDC0A8A /* [CP] Check Pods Manifest.lock */,
				4D1DB47621B12CDD00127600 /* Sources */,
				4D1DB47721B12CDD00127600 /* Frameworks */,
				4D1DB47821B12CDD00127600 /* Resources */,
			);
			buildRules = (
			);
			dependencies = (
			);
			name = YQImageBrowser;
			productName = YQImageBrowser;
			productReference = 4D1DB47A21B12CDD00127600 /* YQImageBrowser.app */;
			productType = "com.apple.product-type.application";
		};
/* End PBXNativeTarget section */

/* Begin PBXProject section */
		4D1DB47221B12CDD00127600 /* Project object */ = {
			isa = PBXProject;
			attributes = {
				LastUpgradeCheck = 1010;
				ORGANIZATIONNAME = QuinceyYang;
				TargetAttributes = {
					4D1DB47921B12CDD00127600 = {
						CreatedOnToolsVersion = 10.1;
					};
				};
			};
			buildConfigurationList = 4D1DB47521B12CDD00127600 /* Build configuration list for PBXProject "YQImageBrowser" */;
			compatibilityVersion = "Xcode 9.3";
			developmentRegion = en;
			hasScannedForEncodings = 0;
			knownRegions = (
				en,
				Base,
			);
			mainGroup = 4D1DB47121B12CDD00127600;
			productRefGroup = 4D1DB47B21B12CDD00127600 /* Products */;
			projectDirPath = "";
			projectRoot = "";
			targets = (
				4D1DB47921B12CDD00127600 /* YQImageBrowser */,
			);
		};
/* End PBXProject section */

/* Begin PBXResourcesBuildPhase section */
		4D1DB47821B12CDD00127600 /* Resources */ = {
			isa = PBXResourcesBuildPhase;
			buildActionMask = 2147483647;
			files = (
				4D1DB48A21B12CDF00127600 /* LaunchScreen.storyboard in Resources */,
				4D1DB48721B12CDF00127600 /* Assets.xcassets in Resources */,
				4D1DB48521B12CDD00127600 /* Main.storyboard in Resources */,
			);
			runOnlyForDeploymentPostprocessing = 0;
		};
/* End PBXResourcesBuildPhase section */

/* Begin PBXShellScriptBuildPhase section */
		2C62399F34E04D49FFDC0A8A /* [CP] Check Pods Manifest.lock */ = {
			isa = PBXShellScriptBuildPhase;
			buildActionMask = 2147483647;
			files = (
			);
			inputPaths = (
				"${PODS_PODFILE_DIR_PATH}/Podfile.lock",
				"${PODS_ROOT}/Manifest.lock",
			);
			name = "[CP] Check Pods Manifest.lock";
			outputPaths = (
				"$(DERIVED_FILE_DIR)/Pods-YQImageBrowser-checkManifestLockResult.txt",
			);
			runOnlyForDeploymentPostprocessing = 0;
			shellPath = /bin/sh;
			shellScript = "diff \"${PODS_PODFILE_DIR_PATH}/Podfile.lock\" \"${PODS_ROOT}/Manifest.lock\" > /dev/null\nif [ $? != 0 ] ; then\n    # print error to STDERR\n    echo \"error: The sandbox is not in sync with the Podfile.lock. Run 'pod install' or update your CocoaPods installation.\" >&2\n    exit 1\nfi\n# This output is used by Xcode 'outputs' to avoid re-running this script phase.\necho \"SUCCESS\" > \"${SCRIPT_OUTPUT_FILE_0}\"\n";
			showEnvVarsInLog = 0;
		};
/* End PBXShellScriptBuildPhase section */

/* Begin PBXSourcesBuildPhase section */
		4D1DB47621B12CDD00127600 /* Sources */ = {
			isa = PBXSourcesBuildPhase;
			buildActionMask = 2147483647;
			files = (
				4D1DB48221B12CDD00127600 /* ViewController.m in Sources */,
				4D1DB48D21B12CDF00127600 /* main.m in Sources */,
				4D1DB47F21B12CDD00127600 /* AppDelegate.m in Sources */,
			);
			runOnlyForDeploymentPostprocessing = 0;
		};
/* End PBXSourcesBuildPhase section */

/* Begin PBXVariantGroup section */
		4D1DB48321B12CDD00127600 /* Main.storyboard */ = {
			isa = PBXVariantGroup;
			children = (
				4D1DB48421B12CDD00127600 /* Base */,
			);
			name = Main.storyboard;
			sourceTree = "<group>";
		};
		4D1DB48821B12CDF00127600 /* LaunchScreen.storyboard */ = {
			isa = PBXVariantGroup;
			children = (
				4D1DB48921B12CDF00127600 /* Base */,
			);
			name = LaunchScreen.storyboard;
			sourceTree = "<group>";
		};
/* End PBXVariantGroup section */

/* Begin XCBuildConfiguration section */
		4D1DB48E21B12CDF00127600 /* Debug */ = {
			isa = XCBuildConfiguration;
			buildSettings = {
				ALWAYS_SEARCH_USER_PATHS = NO;
				CLANG_ANALYZER_NONNULL = YES;
				CLANG_ANALYZER_NUMBER_OBJECT_CONVERSION = YES_AGGRESSIVE;
				CLANG_CXX_LANGUAGE_STANDARD = "gnu++14";
				CLANG_CXX_LIBRARY = "libc++";
				CLANG_ENABLE_MODULES = YES;
				CLANG_ENABLE_OBJC_ARC = YES;
				CLANG_ENABLE_OBJC_WEAK = YES;
				CLANG_WARN_BLOCK_CAPTURE_AUTORELEASING = YES;
				CLANG_WARN_BOOL_CONVERSION = YES;
				CLANG_WARN_COMMA = YES;
				CLANG_WARN_CONSTANT_CONVERSION = YES;
				CLANG_WARN_DEPRECATED_OBJC_IMPLEMENTATIONS = YES;
				CLANG_WARN_DIRECT_OBJC_ISA_USAGE = YES_ERROR;
				CLANG_WARN_DOCUMENTATION_COMMENTS = YES;
				CLANG_WARN_EMPTY_BODY = YES;
				CLANG_WARN_ENUM_CONVERSION = YES;
				CLANG_WARN_INFINITE_RECURSION = YES;
				CLANG_WARN_INT_CONVERSION = YES;
				CLANG_WARN_NON_LITERAL_NULL_CONVERSION = YES;
				CLANG_WARN_OBJC_IMPLICIT_RETAIN_SELF = YES;
				CLANG_WARN_OBJC_LITERAL_CONVERSION = YES;
				CLANG_WARN_OBJC_ROOT_CLASS = YES_ERROR;
				CLANG_WARN_RANGE_LOOP_ANALYSIS = YES;
				CLANG_WARN_STRICT_PROTOTYPES = YES;
				CLANG_WARN_SUSPICIOUS_MOVE = YES;
				CLANG_WARN_UNGUARDED_AVAILABILITY = YES_AGGRESSIVE;
				CLANG_WARN_UNREACHABLE_CODE = YES;
				CLANG_WARN__DUPLICATE_METHOD_MATCH = YES;
				CODE_SIGN_IDENTITY = "iPhone Developer";
				COPY_PHASE_STRIP = NO;
				DEBUG_INFORMATION_FORMAT = dwarf;
				ENABLE_STRICT_OBJC_MSGSEND = YES;
				ENABLE_TESTABILITY = YES;
				GCC_C_LANGUAGE_STANDARD = gnu11;
				GCC_DYNAMIC_NO_PIC = NO;
				GCC_NO_COMMON_BLOCKS = YES;
				GCC_OPTIMIZATION_LEVEL = 0;
				GCC_PREPROCESSOR_DEFINITIONS = (
					"DEBUG=1",
					"$(inherited)",
				);
				GCC_WARN_64_TO_32_BIT_CONVERSION = YES;
				GCC_WARN_ABOUT_RETURN_TYPE = YES_ERROR;
				GCC_WARN_UNDECLARED_SELECTOR = YES;
				GCC_WARN_UNINITIALIZED_AUTOS = YES_AGGRESSIVE;
				GCC_WARN_UNUSED_FUNCTION = YES;
				GCC_WARN_UNUSED_VARIABLE = YES;
				IPHONEOS_DEPLOYMENT_TARGET = 12.1;
				MTL_ENABLE_DEBUG_INFO = INCLUDE_SOURCE;
				MTL_FAST_MATH = YES;
				ONLY_ACTIVE_ARCH = YES;
				SDKROOT = iphoneos;
			};
			name = Debug;
		};
		4D1DB48F21B12CDF00127600 /* Release */ = {
			isa = XCBuildConfiguration;
			buildSettings = {
				ALWAYS_SEARCH_USER_PATHS = NO;
				CLANG_ANALYZER_NONNULL = YES;
				CLANG_ANALYZER_NUMBER_OBJECT_CONVERSION = YES_AGGRESSIVE;
				CLANG_CXX_LANGUAGE_STANDARD = "gnu++14";
				CLANG_CXX_LIBRARY = "libc++";
				CLANG_ENABLE_MODULES = YES;
				CLANG_ENABLE_OBJC_ARC = YES;
				CLANG_ENABLE_OBJC_WEAK = YES;
				CLANG_WARN_BLOCK_CAPTURE_AUTORELEASING = YES;
				CLANG_WARN_BOOL_CONVERSION = YES;
				CLANG_WARN_COMMA = YES;
				CLANG_WARN_CONSTANT_CONVERSION = YES;
				CLANG_WARN_DEPRECATED_OBJC_IMPLEMENTATIONS = YES;
				CLANG_WARN_DIRECT_OBJC_ISA_USAGE = YES_ERROR;
				CLANG_WARN_DOCUMENTATION_COMMENTS = YES;
				CLANG_WARN_EMPTY_BODY = YES;
				CLANG_WARN_ENUM_CONVERSION = YES;
				CLANG_WARN_INFINITE_RECURSION = YES;
				CLANG_WARN_INT_CONVERSION = YES;
				CLANG_WARN_NON_LITERAL_NULL_CONVERSION = YES;
				CLANG_WARN_OBJC_IMPLICIT_RETAIN_SELF = YES;
				CLANG_WARN_OBJC_LITERAL_CONVERSION = YES;
				CLANG_WARN_OBJC_ROOT_CLASS = YES_ERROR;
				CLANG_WARN_RANGE_LOOP_ANALYSIS = YES;
				CLANG_WARN_STRICT_PROTOTYPES = YES;
				CLANG_WARN_SUSPICIOUS_MOVE = YES;
				CLANG_WARN_UNGUARDED_AVAILABILITY = YES_AGGRESSIVE;
				CLANG_WARN_UNREACHABLE_CODE = YES;
				CLANG_WARN__DUPLICATE_METHOD_MATCH = YES;
				CODE_SIGN_IDENTITY = "iPhone Developer";
				COPY_PHASE_STRIP = NO;
				DEBUG_INFORMATION_FORMAT = "dwarf-with-dsym";
				ENABLE_NS_ASSERTIONS = NO;
				ENABLE_STRICT_OBJC_MSGSEND = YES;
				GCC_C_LANGUAGE_STANDARD = gnu11;
				GCC_NO_COMMON_BLOCKS = YES;
				GCC_WARN_64_TO_32_BIT_CONVERSION = YES;
				GCC_WARN_ABOUT_RETURN_TYPE = YES_ERROR;
				GCC_WARN_UNDECLARED_SELECTOR = YES;
				GCC_WARN_UNINITIALIZED_AUTOS = YES_AGGRESSIVE;
				GCC_WARN_UNUSED_FUNCTION = YES;
				GCC_WARN_UNUSED_VARIABLE = YES;
				IPHONEOS_DEPLOYMENT_TARGET = 12.1;
				MTL_ENABLE_DEBUG_INFO = NO;
				MTL_FAST_MATH = YES;
				SDKROOT = iphoneos;
				VALIDATE_PRODUCT = YES;
			};
			name = Release;
		};
		4D1DB49121B12CDF00127600 /* Debug */ = {
			isa = XCBuildConfiguration;
			baseConfigurationReference = 1EDFDE792D819F3812F19DE6 /* Pods-YQImageBrowser.debug.xcconfig */;
			buildSettings = {
				ASSETCATALOG_COMPILER_APPICON_NAME = AppIcon;
				CODE_SIGN_STYLE = Automatic;
				DEVELOPMENT_TEAM = XQKCK4THZ5;
				INFOPLIST_FILE = YQImageBrowser/Info.plist;
				LD_RUNPATH_SEARCH_PATHS = "$(inherited) @executable_path/Frameworks";
				PRODUCT_BUNDLE_IDENTIFIER = QuinceyYang.YQImageBrowser;
				PRODUCT_NAME = "$(TARGET_NAME)";
				TARGETED_DEVICE_FAMILY = "1,2";
			};
			name = Debug;
		};
		4D1DB49221B12CDF00127600 /* Release */ = {
			isa = XCBuildConfiguration;
			baseConfigurationReference = A17D6B3533157B6E9B3C78E5 /* Pods-YQImageBrowser.release.xcconfig */;
			buildSettings = {
				ASSETCATALOG_COMPILER_APPICON_NAME = AppIcon;
				CODE_SIGN_STYLE = Automatic;
				DEVELOPMENT_TEAM = XQKCK4THZ5;
				INFOPLIST_FILE = YQImageBrowser/Info.plist;
				LD_RUNPATH_SEARCH_PATHS = "$(inherited) @executable_path/Frameworks";
				PRODUCT_BUNDLE_IDENTIFIER = QuinceyYang.YQImageBrowser;
				PRODUCT_NAME = "$(TARGET_NAME)";
				TARGETED_DEVICE_FAMILY = "1,2";
			};
			name = Release;
		};
/* End XCBuildConfiguration section */

/* Begin XCConfigurationList section */
		4D1DB47521B12CDD00127600 /* Build configuration list for PBXProject "YQImageBrowser" */ = {
			isa = XCConfigurationList;
			buildConfigurations = (
				4D1DB48E21B12CDF00127600 /* Debug */,
				4D1DB48F21B12CDF00127600 /* Release */,
			);
			defaultConfigurationIsVisible = 0;
			defaultConfigurationName = Release;
		};
		4D1DB49021B12CDF00127600 /* Build configuration list for PBXNativeTarget "YQImageBrowser" */ = {
			isa = XCConfigurationList;
			buildConfigurations = (
				4D1DB49121B12CDF00127600 /* Debug */,
				4D1DB49221B12CDF00127600 /* Release */,
			);
			defaultConfigurationIsVisible = 0;
			defaultConfigurationName = Release;
		};
/* End XCConfigurationList section */
	};
	rootObject = 4D1DB47221B12CDD00127600 /* Project object */;
}
